
Microsoft Visual Studio Solution File, Format Version 11.00
# Visual C++ Express 2010
Project("{8BC9CEB8-8B4A-11D0-8D11-00A0C91BC942}") = "Project_secert_room", "Project_secert_room\Project_secert_room.vcxproj", "{726C7CF2-19D5-491D-8F3C-1C11A4C3B28D}"
EndProject
Global
	GlobalSection(SolutionConfigurationPlatforms) = preSolution
		Debug|Win32 = Debug|Win32
		Release|Win32 = Release|Win32
	EndGlobalSection
	GlobalSection(ProjectConfigurationPlatforms) = postSolution
		{726C7CF2-19D5-491D-8F3C-1C11A4C3B28D}.Debug|Win32.ActiveCfg = Debug|Win32
		{726C7CF2-19D5-491D-8F3C-1C11A4C3B28D}.Debug|Win32.Build.0 = Debug|Win32
		{726C7CF2-19D5-491D-8F3C-1C11A4C3B28D}.Release|Win32.ActiveCfg = Release|Win32
		{726C7CF2-19D5-491D-8F3C-1C11A4C3B28D}.Release|Win32.Build.0 = Release|Win32
	EndGlobalSection
	GlobalSection(SolutionProperties) = preSolution
		HideSolutionNode = FALSE
	EndGlobalSection
EndGlobal
